
Microsoft Visual Studio Solution File, Format Version 12.00
Project("{FAE04EC0-301F-11D3-BF4B-00C04F79EFBC}") = "Lago", "Lago\Lago.csproj", "{812BF94D-5838-4AEC-92BE-32D1A3AC138B}"
EndProject
Global
	GlobalSection(SolutionConfigurationPlatforms) = preSolution
		Debug|Any CPU = Debug|Any CPU
		Release|Any CPU = Release|Any CPU
	EndGlobalSection
	GlobalSection(ProjectConfigurationPlatforms) = postSolution
		{812BF94D-5838-4AEC-92BE-32D1A3AC138B}.Debug|Any CPU.ActiveCfg = Debug|Any CPU
		{812BF94D-5838-4AEC-92BE-32D1A3AC138B}.Debug|Any CPU.Build.0 = Debug|Any CPU
		{812BF94D-5838-4AEC-92BE-32D1A3AC138B}.Release|Any CPU.ActiveCfg = Release|Any CPU
		{812BF94D-5838-4AEC-92BE-32D1A3AC138B}.Release|Any CPU.Build.0 = Release|Any CPU
	EndGlobalSection
EndGlobal
